
Microsoft Visual Studio Solution File, Format Version 12.00
# Visual Studio 15
VisualStudioVersion = 15.0.26403.0
MinimumVisualStudioVersion = 10.0.40219.1
Project("{FAE04EC0-301F-11D3-BF4B-00C04F79EFBC}") = "EZCompressor.Core", "src\EZCompressor.Core\EZCompressor.Core.csproj", "{D7CB8364-7007-453B-9B3F-96364E2DB2A8}"
EndProject
Project("{FAE04EC0-301F-11D3-BF4B-00C04F79EFBC}") = "EZCompressor.Test", "test\EZCompressor.Test\EZCompressor.Test.csproj", "{2AB9A9B1-B6C1-40C8-9E09-C39D7A7EBE4D}"
EndProject
Global
	GlobalSection(SolutionConfigurationPlatforms) = preSolution
		Debug|Any CPU = Debug|Any CPU
		Release|Any CPU = Release|Any CPU
	EndGlobalSection
	GlobalSection(ProjectConfigurationPlatforms) = postSolution
		{D7CB8364-7007-453B-9B3F-96364E2DB2A8}.Debug|Any CPU.ActiveCfg = Debug|Any CPU
		{D7CB8364-7007-453B-9B3F-96364E2DB2A8}.Debug|Any CPU.Build.0 = Debug|Any CPU
		{D7CB8364-7007-453B-9B3F-96364E2DB2A8}.Release|Any CPU.ActiveCfg = Release|Any CPU
		{D7CB8364-7007-453B-9B3F-96364E2DB2A8}.Release|Any CPU.Build.0 = Release|Any CPU
		{2AB9A9B1-B6C1-40C8-9E09-C39D7A7EBE4D}.Debug|Any CPU.ActiveCfg = Debug|Any CPU
		{2AB9A9B1-B6C1-40C8-9E09-C39D7A7EBE4D}.Debug|Any CPU.Build.0 = Debug|Any CPU
		{2AB9A9B1-B6C1-40C8-9E09-C39D7A7EBE4D}.Release|Any CPU.ActiveCfg = Release|Any CPU
		{2AB9A9B1-B6C1-40C8-9E09-C39D7A7EBE4D}.Release|Any CPU.Build.0 = Release|Any CPU
	EndGlobalSection
	GlobalSection(SolutionProperties) = preSolution
		HideSolutionNode = FALSE
	EndGlobalSection
EndGlobal
